
Microsoft Visual Studio Solution File, Format Version 12.00
# Visual Studio Version 17
VisualStudioVersion = 17.5.002.0
MinimumVisualStudioVersion = 10.0.40219.1
Project("{9A19103F-16F7-4668-BE54-9A1E7A4F7556}") = "siAfilado", "siAfilado.csproj", "{FB32EB44-74C2-4716-9E44-B7C079FB6124}"
EndProject
Global
	GlobalSection(SolutionConfigurationPlatforms) = preSolution
		Debug|Any CPU = Debug|Any CPU
		Release|Any CPU = Release|Any CPU
	EndGlobalSection
	GlobalSection(ProjectConfigurationPlatforms) = postSolution
		{FB32EB44-74C2-4716-9E44-B7C079FB6124}.Debug|Any CPU.ActiveCfg = Debug|Any CPU
		{FB32EB44-74C2-4716-9E44-B7C079FB6124}.Debug|Any CPU.Build.0 = Debug|Any CPU
		{FB32EB44-74C2-4716-9E44-B7C079FB6124}.Release|Any CPU.ActiveCfg = Release|Any CPU
		{FB32EB44-74C2-4716-9E44-B7C079FB6124}.Release|Any CPU.Build.0 = Release|Any CPU
	EndGlobalSection
	GlobalSection(SolutionProperties) = preSolution
		HideSolutionNode = FALSE
	EndGlobalSection
	GlobalSection(ExtensibilityGlobals) = postSolution
		SolutionGuid = {99E0DC69-5391-4F72-A4DD-0B1969F37269}
	EndGlobalSection
EndGlobal
